{
  "name": "password-validator-input",
  "version": "1.0.0",
  "lockfileVersion": 1,
  "requires": true,
  "dependencies": {
    "password-validator": {
      "version": "5.2.1",
      "resolved": "https://registry.npmjs.org/password-validator/-/password-validator-5.2.1.tgz",
      "integrity": "sha512-EfNW0akQ+YrMawF5KNXoDBTdUvXwx2vxvIuq1XXUiDmti7aaBDnqTl/IAruxztWTCN0Bt+og3LL3I9E4blCRqQ=="
    }
  }
}
